// !$*UTF8*$!
{
	archiveVersion = 1;
	classes = {
	};
	objectVersion = 46;
	objects = {

/* Begin PBXBuildFile section */
		4C6FDEC31906133D00276381 /* Foundation.framework in Frameworks */ = {isa = PBXBuildFile; fileRef = 4C6FDEC21906133D00276381 /* Foundation.framework */; };
		4C6FDEC51906133D00276381 /* CoreGraphics.framework in Frameworks */ = {isa = PBXBuildFile; fileRef = 4C6FDEC41906133D00276381 /* CoreGraphics.framework */; };
		4C6FDEC71906133D00276381 /* UIKit.framework in Frameworks */ = {isa = PBXBuildFile; fileRef = 4C6FDEC61906133D00276381 /* UIKit.framework */; };
		4C6FDECD1906133D00276381 /* InfoPlist.strings in Resources */ = {isa = PBXBuildFile; fileRef = 4C6FDECB1906133D00276381 /* InfoPlist.strings */; };
		4C6FDECF1906133D00276381 /* main.m in Sources */ = {isa = PBXBuildFile; fileRef = 4C6FDECE1906133D00276381 /* main.m */; };
		4C6FDED31906133D00276381 /* JCAppDelegate.m in Sources */ = {isa = PBXBuildFile; fileRef = 4C6FDED21906133D00276381 /* JCAppDelegate.m */; };
		4C6FDED61906133D00276381 /* Main.storyboard in Resources */ = {isa = PBXBuildFile; fileRef = 4C6FDED41906133D00276381 /* Main.storyboard */; };
		4C6FDED91906133D00276381 /* JCViewController.m in Sources */ = {isa = PBXBuildFile; fileRef = 4C6FDED81906133D00276381 /* JCViewController.m */; };
		4C6FDEDB1906133D00276381 /* Images.xcassets in Resources */ = {isa = PBXBuildFile; fileRef = 4C6FDEDA1906133D00276381 /* Images.xcassets */; };
		4C6FDEE21906133D00276381 /* XCTest.framework in Frameworks */ = {isa = PBXBuildFile; fileRef = 4C6FDEE11906133D00276381 /* XCTest.framework */; };
		4C6FDEE31906133D00276381 /* Foundation.framework in Frameworks */ = {isa = PBXBuildFile; fileRef = 4C6FDEC21906133D00276381 /* Foundation.framework */; };
		4C6FDEE41906133D00276381 /* UIKit.framework in Frameworks */ = {isa = PBXBuildFile; fileRef = 4C6FDEC61906133D00276381 /* UIKit.framework */; };
		4C6FDEEC1906133D00276381 /* InfoPlist.strings in Resources */ = {isa = PBXBuildFile; fileRef = 4C6FDEEA1906133D00276381 /* InfoPlist.strings */; };
		4C6FDEEE1906133D00276381 /* WaterFillTests.m in Sources */ = {isa = PBXBuildFile; fileRef = 4C6FDEED1906133D00276381 /* WaterFillTests.m */; };
		4C6FDEF91906139300276381 /* WaterFillView.m in Sources */ = {isa = PBXBuildFile; fileRef = 4C6FDEF81906139300276381 /* WaterFillView.m */; };
/* End PBXBuildFile section */

/* Begin PBXContainerItemProxy section */
		4C6FDEE51906133D00276381 /* PBXContainerItemProxy */ = {
			isa = PBXContainerItemProxy;
			containerPortal = 4C6FDEB71906133D00276381 /* Project object */;
			proxyType = 1;
			remoteGlobalIDString = 4C6FDEBE1906133D00276381;
			remoteInfo = WaterFill;
		};
/* End PBXContainerItemProxy section */

/* Begin PBXFileReference section */
		4C6FDEBF1906133D00276381 /* WaterFill.app */ = {isa = PBXFileReference; explicitFileType = wrapper.application; includeInIndex = 0; path = WaterFill.app; sourceTree = BUILT_PRODUCTS_DIR; };
		4C6FDEC21906133D00276381 /* Foundation.framework */ = {isa = PBXFileReference; lastKnownFileType = wrapper.framework; name = Foundation.framework; path = System/Library/Frameworks/Foundation.framework; sourceTree = SDKROOT; };
		4C6FDEC41906133D00276381 /* CoreGraphics.framework */ = {isa = PBXFileReference; lastKnownFileType = wrapper.framework; name = CoreGraphics.framework; path = System/Library/Frameworks/CoreGraphics.framework; sourceTree = SDKROOT; };
		4C6FDEC61906133D00276381 /* UIKit.framework */ = {isa = PBXFileReference; lastKnownFileType = wrapper.framework; name = UIKit.framework; path = System/Library/Frameworks/UIKit.framework; sourceTree = SDKROOT; };
		4C6FDECA1906133D00276381 /* WaterFill-Info.plist */ = {isa = PBXFileReference; lastKnownFileType = text.plist.xml; path = "WaterFill-Info.plist"; sourceTree = "<group>"; };
		4C6FDECC1906133D00276381 /* en */ = {isa = PBXFileReference; lastKnownFileType = text.plist.strings; name = en; path = en.lproj/InfoPlist.strings; sourceTree = "<group>"; };
		4C6FDECE1906133D00276381 /* main.m */ = {isa = PBXFileReference; lastKnownFileType = sourcecode.c.objc; path = main.m; sourceTree = "<group>"; };
		4C6FDED01906133D00276381 /* WaterFill-Prefix.pch */ = {isa = PBXFileReference; lastKnownFileType = sourcecode.c.h; path = "WaterFill-Prefix.pch"; sourceTree = "<group>"; };
		4C6FDED11906133D00276381 /* JCAppDelegate.h */ = {isa = PBXFileReference; lastKnownFileType = sourcecode.c.h; path = JCAppDelegate.h; sourceTree = "<group>"; };
		4C6FDED21906133D00276381 /* JCAppDelegate.m */ = {isa = PBXFileReference; lastKnownFileType = sourcecode.c.objc; path = JCAppDelegate.m; sourceTree = "<group>"; };
		4C6FDED51906133D00276381 /* Base */ = {isa = PBXFileReference; lastKnownFileType = file.storyboard; name = Base; path = Base.lproj/Main.storyboard; sourceTree = "<group>"; };
		4C6FDED71906133D00276381 /* JCViewController.h */ = {isa = PBXFileReference; lastKnownFileType = sourcecode.c.h; path = JCViewController.h; sourceTree = "<group>"; };
		4C6FDED81906133D00276381 /* JCViewController.m */ = {isa = PBXFileReference; lastKnownFileType = sourcecode.c.objc; path = JCViewController.m; sourceTree = "<group>"; };
		4C6FDEDA1906133D00276381 /* Images.xcassets */ = {isa = PBXFileReference; lastKnownFileType = folder.assetcatalog; path = Images.xcassets; sourceTree = "<group>"; };
		4C6FDEE01906133D00276381 /* WaterFillTests.xctest */ = {isa = PBXFileReference; explicitFileType = wrapper.cfbundle; includeInIndex = 0; path = WaterFillTests.xctest; sourceTree = BUILT_PRODUCTS_DIR; };
		4C6FDEE11906133D00276381 /* XCTest.framework */ = {isa = PBXFileReference; lastKnownFileType = wrapper.framework; name = XCTest.framework; path = Library/Frameworks/XCTest.framework; sourceTree = DEVELOPER_DIR; };
		4C6FDEE91906133D00276381 /* WaterFillTests-Info.plist */ = {isa = PBXFileReference; lastKnownFileType = text.plist.xml; path = "WaterFillTests-Info.plist"; sourceTree = "<group>"; };
		4C6FDEEB1906133D00276381 /* en */ = {isa = PBXFileReference; lastKnownFileType = text.plist.strings; name = en; path = en.lproj/InfoPlist.strings; sourceTree = "<group>"; };
		4C6FDEED1906133D00276381 /* WaterFillTests.m */ = {isa = PBXFileReference; lastKnownFileType = sourcecode.c.objc; path = WaterFillTests.m; sourceTree = "<group>"; };
		4C6FDEF71906139300276381 /* WaterFillView.h */ = {isa = PBXFileReference; fileEncoding = 4; lastKnownFileType = sourcecode.c.h; path = WaterFillView.h; sourceTree = "<group>"; };
		4C6FDEF81906139300276381 /* WaterFillView.m */ = {isa = PBXFileReference; fileEncoding = 4; lastKnownFileType = sourcecode.c.objc; path = WaterFillView.m; sourceTree = "<group>"; };
/* End PBXFileReference section */

/* Begin PBXFrameworksBuildPhase section */
		4C6FDEBC1906133D00276381 /* Frameworks */ = {
			isa = PBXFrameworksBuildPhase;
			buildActionMask = 2147483647;
			files = (
				4C6FDEC51906133D00276381 /* CoreGraphics.framework in Frameworks */,
				4C6FDEC71906133D00276381 /* UIKit.framework in Frameworks */,
				4C6FDEC31906133D00276381 /* Foundation.framework in Frameworks */,
			);
			runOnlyForDeploymentPostprocessing = 0;
		};
		4C6FDEDD1906133D00276381 /* Frameworks */ = {
			isa = PBXFrameworksBuildPhase;
			buildActionMask = 2147483647;
			files = (
				4C6FDEE21906133D00276381 /* XCTest.framework in Frameworks */,
				4C6FDEE41906133D00276381 /* UIKit.framework in Frameworks */,
				4C6FDEE31906133D00276381 /* Foundation.framework in Frameworks */,
			);
			runOnlyForDeploymentPostprocessing = 0;
		};
/* End PBXFrameworksBuildPhase section */

/* Begin PBXGroup section */
		4C6FDEB61906133D00276381 = {
			isa = PBXGroup;
			children = (
				4C6FDEC81906133D00276381 /* WaterFill */,
				4C6FDEE71906133D00276381 /* WaterFillTests */,
				4C6FDEC11906133D00276381 /* Frameworks */,
				4C6FDEC01906133D00276381 /* Products */,
			);
			sourceTree = "<group>";
		};
		4C6FDEC01906133D00276381 /* Products */ = {
			isa = PBXGroup;
			children = (
				4C6FDEBF1906133D00276381 /* WaterFill.app */,
				4C6FDEE01906133D00276381 /* WaterFillTests.xctest */,
			);
			name = Products;
			sourceTree = "<group>";
		};
		4C6FDEC11906133D00276381 /* Frameworks */ = {
			isa = PBXGroup;
			children = (
				4C6FDEC21906133D00276381 /* Foundation.framework */,
				4C6FDEC41906133D00276381 /* CoreGraphics.framework */,
				4C6FDEC61906133D00276381 /* UIKit.framework */,
				4C6FDEE11906133D00276381 /* XCTest.framework */,
			);
			name = Frameworks;
			sourceTree = "<group>";
		};
		4C6FDEC81906133D00276381 /* WaterFill */ = {
			isa = PBXGroup;
			children = (
				4C6FDEF71906139300276381 /* WaterFillView.h */,
				4C6FDEF81906139300276381 /* WaterFillView.m */,
				4C6FDED11906133D00276381 /* JCAppDelegate.h */,
				4C6FDED21906133D00276381 /* JCAppDelegate.m */,
				4C6FDED41906133D00276381 /* Main.storyboard */,
				4C6FDED71906133D00276381 /* JCViewController.h */,
				4C6FDED81906133D00276381 /* JCViewController.m */,
				4C6FDEDA1906133D00276381 /* Images.xcassets */,
				4C6FDEC91906133D00276381 /* Supporting Files */,
			);
			path = WaterFill;
			sourceTree = "<group>";
		};
		4C6FDEC91906133D00276381 /* Supporting Files */ = {
			isa = PBXGroup;
			children = (
				4C6FDECA1906133D00276381 /* WaterFill-Info.plist */,
				4C6FDECB1906133D00276381 /* InfoPlist.strings */,
				4C6FDECE1906133D00276381 /* main.m */,
				4C6FDED01906133D00276381 /* WaterFill-Prefix.pch */,
			);
			name = "Supporting Files";
			sourceTree = "<group>";
		};
		4C6FDEE71906133D00276381 /* WaterFillTests */ = {
			isa = PBXGroup;
			children = (
				4C6FDEED1906133D00276381 /* WaterFillTests.m */,
				4C6FDEE81906133D00276381 /* Supporting Files */,
			);
			path = WaterFillTests;
			sourceTree = "<group>";
		};
		4C6FDEE81906133D00276381 /* Supporting Files */ = {
			isa = PBXGroup;
			children = (
				4C6FDEE91906133D00276381 /* WaterFillTests-Info.plist */,
				4C6FDEEA1906133D00276381 /* InfoPlist.strings */,
			);
			name = "Supporting Files";
			sourceTree = "<group>";
		};
/* End PBXGroup section */

/* Begin PBXNativeTarget section */
		4C6FDEBE1906133D00276381 /* WaterFill */ = {
			isa = PBXNativeTarget;
			buildConfigurationList = 4C6FDEF11906133D00276381 /* Build configuration list for PBXNativeTarget "WaterFill" */;
			buildPhases = (
				4C6FDEBB1906133D00276381 /* Sources */,
				4C6FDEBC1906133D00276381 /* Frameworks */,
				4C6FDEBD1906133D00276381 /* Resources */,
			);
			buildRules = (
			);
			dependencies = (
			);
			name = WaterFill;
			productName = WaterFill;
			productReference = 4C6FDEBF1906133D00276381 /* WaterFill.app */;
			productType = "com.apple.product-type.application";
		};
		4C6FDEDF1906133D00276381 /* WaterFillTests */ = {
			isa = PBXNativeTarget;
			buildConfigurationList = 4C6FDEF41906133D00276381 /* Build configuration list for PBXNativeTarget "WaterFillTests" */;
			buildPhases = (
				4C6FDEDC1906133D00276381 /* Sources */,
				4C6FDEDD1906133D00276381 /* Frameworks */,
				4C6FDEDE1906133D00276381 /* Resources */,
			);
			buildRules = (
			);
			dependencies = (
				4C6FDEE61906133D00276381 /* PBXTargetDependency */,
			);
			name = WaterFillTests;
			productName = WaterFillTests;
			productReference = 4C6FDEE01906133D00276381 /* WaterFillTests.xctest */;
			productType = "com.apple.product-type.bundle.unit-test";
		};
/* End PBXNativeTarget section */

/* Begin PBXProject section */
		4C6FDEB71906133D00276381 /* Project object */ = {
			isa = PBXProject;
			attributes = {
				CLASSPREFIX = JC;
				LastUpgradeCheck = 0510;
				ORGANIZATIONNAME = "wangyandong@outlook.com";
				TargetAttributes = {
					4C6FDEDF1906133D00276381 = {
						TestTargetID = 4C6FDEBE1906133D00276381;
					};
				};
			};
			buildConfigurationList = 4C6FDEBA1906133D00276381 /* Build configuration list for PBXProject "WaterFill" */;
			compatibilityVersion = "Xcode 3.2";
			developmentRegion = English;
			hasScannedForEncodings = 0;
			knownRegions = (
				en,
				Base,
			);
			mainGroup = 4C6FDEB61906133D00276381;
			productRefGroup = 4C6FDEC01906133D00276381 /* Products */;
			projectDirPath = "";
			projectRoot = "";
			targets = (
				4C6FDEBE1906133D00276381 /* WaterFill */,
				4C6FDEDF1906133D00276381 /* WaterFillTests */,
			);
		};
/* End PBXProject section */

/* Begin PBXResourcesBuildPhase section */
		4C6FDEBD1906133D00276381 /* Resources */ = {
			isa = PBXResourcesBuildPhase;
			buildActionMask = 2147483647;
			files = (
				4C6FDEDB1906133D00276381 /* Images.xcassets in Resources */,
				4C6FDECD1906133D00276381 /* InfoPlist.strings in Resources */,
				4C6FDED61906133D00276381 /* Main.storyboard in Resources */,
			);
			runOnlyForDeploymentPostprocessing = 0;
		};
		4C6FDEDE1906133D00276381 /* Resources */ = {
			isa = PBXResourcesBuildPhase;
			buildActionMask = 2147483647;
			files = (
				4C6FDEEC1906133D00276381 /* InfoPlist.strings in Resources */,
			);
			runOnlyForDeploymentPostprocessing = 0;
		};
/* End PBXResourcesBuildPhase section */

/* Begin PBXSourcesBuildPhase section */
		4C6FDEBB1906133D00276381 /* Sources */ = {
			isa = PBXSourcesBuildPhase;
			buildActionMask = 2147483647;
			files = (
				4C6FDECF1906133D00276381 /* main.m in Sources */,
				4C6FDED91906133D00276381 /* JCViewController.m in Sources */,
				4C6FDED31906133D00276381 /* JCAppDelegate.m in Sources */,
				4C6FDEF91906139300276381 /* WaterFillView.m in Sources */,
			);
			runOnlyForDeploymentPostprocessing = 0;
		};
		4C6FDEDC1906133D00276381 /* Sources */ = {
			isa = PBXSourcesBuildPhase;
			buildActionMask = 2147483647;
			files = (
				4C6FDEEE1906133D00276381 /* WaterFillTests.m in Sources */,
			);
			runOnlyForDeploymentPostprocessing = 0;
		};
/* End PBXSourcesBuildPhase section */

/* Begin PBXTargetDependency section */
		4C6FDEE61906133D00276381 /* PBXTargetDependency */ = {
			isa = PBXTargetDependency;
			target = 4C6FDEBE1906133D00276381 /* WaterFill */;
			targetProxy = 4C6FDEE51906133D00276381 /* PBXContainerItemProxy */;
		};
/* End PBXTargetDependency section */

/* Begin PBXVariantGroup section */
		4C6FDECB1906133D00276381 /* InfoPlist.strings */ = {
			isa = PBXVariantGroup;
			children = (
				4C6FDECC1906133D00276381 /* en */,
			);
			name = InfoPlist.strings;
			sourceTree = "<group>";
		};
		4C6FDED41906133D00276381 /* Main.storyboard */ = {
			isa = PBXVariantGroup;
			children = (
				4C6FDED51906133D00276381 /* Base */,
			);
			name = Main.storyboard;
			sourceTree = "<group>";
		};
		4C6FDEEA1906133D00276381 /* InfoPlist.strings */ = {
			isa = PBXVariantGroup;
			children = (
				4C6FDEEB1906133D00276381 /* en */,
			);
			name = InfoPlist.strings;
			sourceTree = "<group>";
		};
/* End PBXVariantGroup section */

/* Begin XCBuildConfiguration section */
		4C6FDEEF1906133D00276381 /* Debug */ = {
			isa = XCBuildConfiguration;
			buildSettings = {
				ALWAYS_SEARCH_USER_PATHS = NO;
				CLANG_CXX_LANGUAGE_STANDARD = "gnu++0x";
				CLANG_CXX_LIBRARY = "libc++";
				CLANG_ENABLE_MODULES = YES;
				CLANG_ENABLE_OBJC_ARC = YES;
				CLANG_WARN_BOOL_CONVERSION = YES;
				CLANG_WARN_CONSTANT_CONVERSION = YES;
				CLANG_WARN_DIRECT_OBJC_ISA_USAGE = YES_ERROR;
				CLANG_WARN_EMPTY_BODY = YES;
				CLANG_WARN_ENUM_CONVERSION = YES;
				CLANG_WARN_INT_CONVERSION = YES;
				CLANG_WARN_OBJC_ROOT_CLASS = YES_ERROR;
				CLANG_WARN__DUPLICATE_METHOD_MATCH = YES;
				"CODE_SIGN_IDENTITY[sdk=iphoneos*]" = "iPhone Developer";
				COPY_PHASE_STRIP = NO;
				GCC_C_LANGUAGE_STANDARD = gnu99;
				GCC_DYNAMIC_NO_PIC = NO;
				GCC_OPTIMIZATION_LEVEL = 0;
				GCC_PREPROCESSOR_DEFINITIONS = (
					"DEBUG=1",
					"$(inherited)",
				);
				GCC_SYMBOLS_PRIVATE_EXTERN = NO;
				GCC_WARN_64_TO_32_BIT_CONVERSION = YES;
				GCC_WARN_ABOUT_RETURN_TYPE = YES_ERROR;
				GCC_WARN_UNDECLARED_SELECTOR = YES;
				GCC_WARN_UNINITIALIZED_AUTOS = YES_AGGRESSIVE;
				GCC_WARN_UNUSED_FUNCTION = YES;
				GCC_WARN_UNUSED_VARIABLE = YES;
				IPHONEOS_DEPLOYMENT_TARGET = 6.0;
				ONLY_ACTIVE_ARCH = YES;
				SDKROOT = iphoneos;
			};
			name = Debug;
		};
		4C6FDEF01906133D00276381 /* Release */ = {
			isa = XCBuildConfiguration;
			buildSettings = {
				ALWAYS_SEARCH_USER_PATHS = NO;
				CLANG_CXX_LANGUAGE_STANDARD = "gnu++0x";
				CLANG_CXX_LIBRARY = "libc++";
				CLANG_ENABLE_MODULES = YES;
				CLANG_ENABLE_OBJC_ARC = YES;
				CLANG_WARN_BOOL_CONVERSION = YES;
				CLANG_WARN_CONSTANT_CONVERSION = YES;
				CLANG_WARN_DIRECT_OBJC_ISA_USAGE = YES_ERROR;
				CLANG_WARN_EMPTY_BODY = YES;
				CLANG_WARN_ENUM_CONVERSION = YES;
				CLANG_WARN_INT_CONVERSION = YES;
				CLANG_WARN_OBJC_ROOT_CLASS = YES_ERROR;
				CLANG_WARN__DUPLICATE_METHOD_MATCH = YES;
				"CODE_SIGN_IDENTITY[sdk=iphoneos*]" = "iPhone Developer";
				COPY_PHASE_STRIP = YES;
				ENABLE_NS_ASSERTIONS = NO;
				GCC_C_LANGUAGE_STANDARD = gnu99;
				GCC_WARN_64_TO_32_BIT_CONVERSION = YES;
				GCC_WARN_ABOUT_RETURN_TYPE = YES_ERROR;
				GCC_WARN_UNDECLARED_SELECTOR = YES;
				GCC_WARN_UNINITIALIZED_AUTOS = YES_AGGRESSIVE;
				GCC_WARN_UNUSED_FUNCTION = YES;
				GCC_WARN_UNUSED_VARIABLE = YES;
				IPHONEOS_DEPLOYMENT_TARGET = 6.0;
				SDKROOT = iphoneos;
				VALIDATE_PRODUCT = YES;
			};
			name = Release;
		};
		4C6FDEF21906133D00276381 /* Debug */ = {
			isa = XCBuildConfiguration;
			buildSettings = {
				ASSETCATALOG_COMPILER_APPICON_NAME = AppIcon;
				ASSETCATALOG_COMPILER_LAUNCHIMAGE_NAME = LaunchImage;
				GCC_PRECOMPILE_PREFIX_HEADER = YES;
				GCC_PREFIX_HEADER = "WaterFill/WaterFill-Prefix.pch";
				INFOPLIST_FILE = "WaterFill/WaterFill-Info.plist";
				PRODUCT_NAME = "$(TARGET_NAME)";
				WRAPPER_EXTENSION = app;
			};
			name = Debug;
		};
		4C6FDEF31906133D00276381 /* Release */ = {
			isa = XCBuildConfiguration;
			buildSettings = {
				ASSETCATALOG_COMPILER_APPICON_NAME = AppIcon;
				ASSETCATALOG_COMPILER_LAUNCHIMAGE_NAME = LaunchImage;
				GCC_PRECOMPILE_PREFIX_HEADER = YES;
				GCC_PREFIX_HEADER = "WaterFill/WaterFill-Prefix.pch";
				INFOPLIST_FILE = "WaterFill/WaterFill-Info.plist";
				PRODUCT_NAME = "$(TARGET_NAME)";
				WRAPPER_EXTENSION = app;
			};
			name = Release;
		};
		4C6FDEF51906133D00276381 /* Debug */ = {
			isa = XCBuildConfiguration;
			buildSettings = {
				BUNDLE_LOADER = "$(BUILT_PRODUCTS_DIR)/WaterFill.app/WaterFill";
				FRAMEWORK_SEARCH_PATHS = (
					"$(SDKROOT)/Developer/Library/Frameworks",
					"$(inherited)",
					"$(DEVELOPER_FRAMEWORKS_DIR)",
				);
				GCC_PRECOMPILE_PREFIX_HEADER = YES;
				GCC_PREFIX_HEADER = "WaterFill/WaterFill-Prefix.pch";
				GCC_PREPROCESSOR_DEFINITIONS = (
					"DEBUG=1",
					"$(inherited)",
				);
				INFOPLIST_FILE = "WaterFillTests/WaterFillTests-Info.plist";
				PRODUCT_NAME = "$(TARGET_NAME)";
				TEST_HOST = "$(BUNDLE_LOADER)";
				WRAPPER_EXTENSION = xctest;
			};
			name = Debug;
		};
		4C6FDEF61906133D00276381 /* Release */ = {
			isa = XCBuildConfiguration;
			buildSettings = {
				BUNDLE_LOADER = "$(BUILT_PRODUCTS_DIR)/WaterFill.app/WaterFill";
				FRAMEWORK_SEARCH_PATHS = (
					"$(SDKROOT)/Developer/Library/Frameworks",
					"$(inherited)",
					"$(DEVELOPER_FRAMEWORKS_DIR)",
				);
				GCC_PRECOMPILE_PREFIX_HEADER = YES;
				GCC_PREFIX_HEADER = "WaterFill/WaterFill-Prefix.pch";
				INFOPLIST_FILE = "WaterFillTests/WaterFillTests-Info.plist";
				PRODUCT_NAME = "$(TARGET_NAME)";
				TEST_HOST = "$(BUNDLE_LOADER)";
				WRAPPER_EXTENSION = xctest;
			};
			name = Release;
		};
/* End XCBuildConfiguration section */

/* Begin XCConfigurationList section */
		4C6FDEBA1906133D00276381 /* Build configuration list for PBXProject "WaterFill" */ = {
			isa = XCConfigurationList;
			buildConfigurations = (
				4C6FDEEF1906133D00276381 /* Debug */,
				4C6FDEF01906133D00276381 /* Release */,
			);
			defaultConfigurationIsVisible = 0;
			defaultConfigurationName = Release;
		};
		4C6FDEF11906133D00276381 /* Build configuration list for PBXNativeTarget "WaterFill" */ = {
			isa = XCConfigurationList;
			buildConfigurations = (
				4C6FDEF21906133D00276381 /* Debug */,
				4C6FDEF31906133D00276381 /* Release */,
			);
			defaultConfigurationIsVisible = 0;
			defaultConfigurationName = Release;
		};
		4C6FDEF41906133D00276381 /* Build configuration list for PBXNativeTarget "WaterFillTests" */ = {
			isa = XCConfigurationList;
			buildConfigurations = (
				4C6FDEF51906133D00276381 /* Debug */,
				4C6FDEF61906133D00276381 /* Release */,
			);
			defaultConfigurationIsVisible = 0;
			defaultConfigurationName = Release;
		};
/* End XCConfigurationList section */
	};
	rootObject = 4C6FDEB71906133D00276381 /* Project object */;
}
